
Microsoft Visual Studio Solution File, Format Version 12.00
# Visual Studio 15
Project("{FAE04EC0-301F-11D3-BF4B-00C04F79EFBC}") = "Assembly-CSharp", "Assembly-CSharp.csproj", "{84CA31D1-8A09-0BA6-010F-A4EC349CBE35}"
EndProject
Project("{FAE04EC0-301F-11D3-BF4B-00C04F79EFBC}") = "Assembly-CSharp-Editor-firstpass", "Assembly-CSharp-Editor-firstpass.csproj", "{6D592E93-5E08-B93C-419D-B1B6639B2567}"
EndProject
Project("{FAE04EC0-301F-11D3-BF4B-00C04F79EFBC}") = "Assembly-CSharp-Editor", "Assembly-CSharp-Editor.csproj", "{693DF122-CDE1-18D3-184D-9FCEA45C4F8F}"
EndProject
Global
	GlobalSection(SolutionConfigurationPlatforms) = preSolution
		Debug|Any CPU = Debug|Any CPU
		Release|Any CPU = Release|Any CPU
	EndGlobalSection
	GlobalSection(ProjectConfigurationPlatforms) = postSolution
		{84CA31D1-8A09-0BA6-010F-A4EC349CBE35}.Debug|Any CPU.ActiveCfg = Debug|Any CPU
		{84CA31D1-8A09-0BA6-010F-A4EC349CBE35}.Debug|Any CPU.Build.0 = Debug|Any CPU
		{84CA31D1-8A09-0BA6-010F-A4EC349CBE35}.Release|Any CPU.ActiveCfg = Release|Any CPU
		{84CA31D1-8A09-0BA6-010F-A4EC349CBE35}.Release|Any CPU.Build.0 = Release|Any CPU
		{6D592E93-5E08-B93C-419D-B1B6639B2567}.Debug|Any CPU.ActiveCfg = Debug|Any CPU
		{6D592E93-5E08-B93C-419D-B1B6639B2567}.Debug|Any CPU.Build.0 = Debug|Any CPU
		{6D592E93-5E08-B93C-419D-B1B6639B2567}.Release|Any CPU.ActiveCfg = Release|Any CPU
		{6D592E93-5E08-B93C-419D-B1B6639B2567}.Release|Any CPU.Build.0 = Release|Any CPU
		{693DF122-CDE1-18D3-184D-9FCEA45C4F8F}.Debug|Any CPU.ActiveCfg = Debug|Any CPU
		{693DF122-CDE1-18D3-184D-9FCEA45C4F8F}.Debug|Any CPU.Build.0 = Debug|Any CPU
		{693DF122-CDE1-18D3-184D-9FCEA45C4F8F}.Release|Any CPU.ActiveCfg = Release|Any CPU
		{693DF122-CDE1-18D3-184D-9FCEA45C4F8F}.Release|Any CPU.Build.0 = Release|Any CPU
	EndGlobalSection
	GlobalSection(SolutionProperties) = preSolution
		HideSolutionNode = FALSE
	EndGlobalSection
EndGlobal
